
Microsoft Visual Studio Solution File, Format Version 12.00
# Visual Studio Version 17
VisualStudioVersion = 17.14.36310.24
MinimumVisualStudioVersion = 10.0.40219.1
Project("{FAE04EC0-301F-11D3-BF4B-00C04F79EFBC}") = "Server", "Server\Server.csproj", "{8CC6439C-FB5C-413F-85E9-9D556420D905}"
EndProject
Project("{FAE04EC0-301F-11D3-BF4B-00C04F79EFBC}") = "Client", "Client\Client.csproj", "{15523989-4D3C-4C2D-A765-50F7AC4C2C9C}"
EndProject
Project("{FAE04EC0-301F-11D3-BF4B-00C04F79EFBC}") = "CaroLan", "CaroLan\CaroLan.csproj", "{A6051CBD-FB05-4122-A53A-E264500983DC}"
EndProject
Global
	GlobalSection(SolutionConfigurationPlatforms) = preSolution
		Debug|Any CPU = Debug|Any CPU
		Release|Any CPU = Release|Any CPU
	EndGlobalSection
	GlobalSection(ProjectConfigurationPlatforms) = postSolution
		{8CC6439C-FB5C-413F-85E9-9D556420D905}.Debug|Any CPU.ActiveCfg = Debug|Any CPU
		{8CC6439C-FB5C-413F-85E9-9D556420D905}.Debug|Any CPU.Build.0 = Debug|Any CPU
		{8CC6439C-FB5C-413F-85E9-9D556420D905}.Release|Any CPU.ActiveCfg = Release|Any CPU
		{8CC6439C-FB5C-413F-85E9-9D556420D905}.Release|Any CPU.Build.0 = Release|Any CPU
		{15523989-4D3C-4C2D-A765-50F7AC4C2C9C}.Debug|Any CPU.ActiveCfg = Debug|Any CPU
		{15523989-4D3C-4C2D-A765-50F7AC4C2C9C}.Debug|Any CPU.Build.0 = Debug|Any CPU
		{15523989-4D3C-4C2D-A765-50F7AC4C2C9C}.Release|Any CPU.ActiveCfg = Release|Any CPU
		{15523989-4D3C-4C2D-A765-50F7AC4C2C9C}.Release|Any CPU.Build.0 = Release|Any CPU
		{A6051CBD-FB05-4122-A53A-E264500983DC}.Debug|Any CPU.ActiveCfg = Debug|Any CPU
		{A6051CBD-FB05-4122-A53A-E264500983DC}.Debug|Any CPU.Build.0 = Debug|Any CPU
		{A6051CBD-FB05-4122-A53A-E264500983DC}.Release|Any CPU.ActiveCfg = Release|Any CPU
		{A6051CBD-FB05-4122-A53A-E264500983DC}.Release|Any CPU.Build.0 = Release|Any CPU
	EndGlobalSection
	GlobalSection(SolutionProperties) = preSolution
		HideSolutionNode = FALSE
	EndGlobalSection
	GlobalSection(ExtensibilityGlobals) = postSolution
		SolutionGuid = {8E161ED3-F608-4E0B-A294-F81B2A0F81DF}
	EndGlobalSection
EndGlobal
